{
  "requires": true,
  "lockfileVersion": 1,
  "dependencies": {
    "nhentai-api": {
      "version": "3.0.2",
      "resolved": "https://registry.npmjs.org/nhentai-api/-/nhentai-api-3.0.2.tgz",
      "integrity": "sha512-5Wz74DdmPMqDCpacEqzYH9pzIHXTUirxnAIRTQF/El7Ra0W3Ov004410TfzgJkrQpBbrryLBtcvkjOSk62RlGA=="
    }
  }
}
